
Microsoft Visual Studio Solution File, Format Version 12.00
# Visual Studio Version 17
VisualStudioVersion = 17.14.36429.23 d17.14
MinimumVisualStudioVersion = 10.0.40219.1
Project("{FAE04EC0-301F-11D3-BF4B-00C04F79EFBC}") = "ActivationCodeValidator_lib", "ActivationCodeValidator_lib\ActivationCodeValidator_lib.csproj", "{95137887-584E-4CB6-81A2-F0690A448284}"
EndProject
Project("{FAE04EC0-301F-11D3-BF4B-00C04F79EFBC}") = "ActivationCodeValidator_test", "ActivationCodeValidator_test\ActivationCodeValidator_test.csproj", "{B532AB55-4F10-48E7-930B-A23AB23F3271}"
EndProject
Global
	GlobalSection(SolutionConfigurationPlatforms) = preSolution
		Debug|Any CPU = Debug|Any CPU
		Release|Any CPU = Release|Any CPU
	EndGlobalSection
	GlobalSection(ProjectConfigurationPlatforms) = postSolution
		{95137887-584E-4CB6-81A2-F0690A448284}.Debug|Any CPU.ActiveCfg = Debug|Any CPU
		{95137887-584E-4CB6-81A2-F0690A448284}.Debug|Any CPU.Build.0 = Debug|Any CPU
		{95137887-584E-4CB6-81A2-F0690A448284}.Release|Any CPU.ActiveCfg = Release|Any CPU
		{95137887-584E-4CB6-81A2-F0690A448284}.Release|Any CPU.Build.0 = Release|Any CPU
		{B532AB55-4F10-48E7-930B-A23AB23F3271}.Debug|Any CPU.ActiveCfg = Debug|Any CPU
		{B532AB55-4F10-48E7-930B-A23AB23F3271}.Debug|Any CPU.Build.0 = Debug|Any CPU
		{B532AB55-4F10-48E7-930B-A23AB23F3271}.Release|Any CPU.ActiveCfg = Release|Any CPU
		{B532AB55-4F10-48E7-930B-A23AB23F3271}.Release|Any CPU.Build.0 = Release|Any CPU
	EndGlobalSection
	GlobalSection(SolutionProperties) = preSolution
		HideSolutionNode = FALSE
	EndGlobalSection
	GlobalSection(ExtensibilityGlobals) = postSolution
		SolutionGuid = {A96946EE-F518-4A40-BF52-FB87A942B3BB}
	EndGlobalSection
EndGlobal
